
Microsoft Visual Studio Solution File, Format Version 12.00
# Visual Studio Version 17
VisualStudioVersion = 17.7.34031.279
MinimumVisualStudioVersion = 10.0.40219.1
Project("{9A19103F-16F7-4668-BE54-9A1E7A4F7556}") = "sourcelinkbug", "sourcelinkbug.csproj", "{DEDF0C3B-C0FA-4BCB-BA69-65C7E6E23B6F}"
EndProject
Global
	GlobalSection(SolutionConfigurationPlatforms) = preSolution
		Debug|Any CPU = Debug|Any CPU
		Release|Any CPU = Release|Any CPU
	EndGlobalSection
	GlobalSection(ProjectConfigurationPlatforms) = postSolution
		{DEDF0C3B-C0FA-4BCB-BA69-65C7E6E23B6F}.Debug|Any CPU.ActiveCfg = Debug|Any CPU
		{DEDF0C3B-C0FA-4BCB-BA69-65C7E6E23B6F}.Debug|Any CPU.Build.0 = Debug|Any CPU
		{DEDF0C3B-C0FA-4BCB-BA69-65C7E6E23B6F}.Release|Any CPU.ActiveCfg = Release|Any CPU
		{DEDF0C3B-C0FA-4BCB-BA69-65C7E6E23B6F}.Release|Any CPU.Build.0 = Release|Any CPU
	EndGlobalSection
	GlobalSection(SolutionProperties) = preSolution
		HideSolutionNode = FALSE
	EndGlobalSection
	GlobalSection(ExtensibilityGlobals) = postSolution
		SolutionGuid = {DA38C2F1-8351-4DB2-B1D4-D71CB678F0A1}
	EndGlobalSection
EndGlobal
